
Microsoft Visual Studio Solution File, Format Version 12.00
# Visual Studio 15
Project("{FAE04EC0-301F-11D3-BF4B-00C04F79EFBC}") = "Meta.WitAi", "Meta.WitAi.csproj", "{91B9567E-30AF-5836-CFED-013EFA9A19EE}"
EndProject
Project("{FAE04EC0-301F-11D3-BF4B-00C04F79EFBC}") = "Oculus.VR", "Oculus.VR.csproj", "{41C6554D-886C-F0D4-8DCC-E0DCCC906323}"
EndProject
Project("{FAE04EC0-301F-11D3-BF4B-00C04F79EFBC}") = "Assembly-CSharp", "Assembly-CSharp.csproj", "{5A29E492-496E-A510-9FDE-008F5D05A30B}"
EndProject
Project("{FAE04EC0-301F-11D3-BF4B-00C04F79EFBC}") = "Oculus.VR.Editor", "Oculus.VR.Editor.csproj", "{097EF7F2-C60A-38DA-08D1-8E43DF6423DF}"
EndProject
Project("{FAE04EC0-301F-11D3-BF4B-00C04F79EFBC}") = "Oculus.AudioManager.Audio.Editor", "Oculus.AudioManager.Audio.Editor.csproj", "{84550C7D-F507-265A-51C4-81412C2CB280}"
EndProject
Project("{FAE04EC0-301F-11D3-BF4B-00C04F79EFBC}") = "Oculus.Platform", "Oculus.Platform.csproj", "{EE7013B0-256E-D1FF-9727-94755121AD99}"
EndProject
Project("{FAE04EC0-301F-11D3-BF4B-00C04F79EFBC}") = "Meta.WitAi.Conduit", "Meta.WitAi.Conduit.csproj", "{FE6137FF-DAFD-F23A-661A-006A3620D90F}"
EndProject
Project("{FAE04EC0-301F-11D3-BF4B-00C04F79EFBC}") = "VoiceSDK.Runtime", "VoiceSDK.Runtime.csproj", "{D856B5D6-5A29-3B01-5F82-93A90B7DB526}"
EndProject
Project("{FAE04EC0-301F-11D3-BF4B-00C04F79EFBC}") = "Oculus.Interaction.OVR.Samples", "Oculus.Interaction.OVR.Samples.csproj", "{A6715DA4-0FDD-3255-9511-8426447300EB}"
EndProject
Project("{FAE04EC0-301F-11D3-BF4B-00C04F79EFBC}") = "Oculus.Interaction", "Oculus.Interaction.csproj", "{EA20E95F-8362-100C-882C-BC4C92FEF934}"
EndProject
Project("{FAE04EC0-301F-11D3-BF4B-00C04F79EFBC}") = "Meta.WitAi.Editor", "Meta.WitAi.Editor.csproj", "{278E88FC-CAFF-A53A-773F-20C11EBC5052}"
EndProject
Project("{FAE04EC0-301F-11D3-BF4B-00C04F79EFBC}") = "VoiceSDK.Editor", "VoiceSDK.Editor.csproj", "{AD27DC12-1DA0-568A-012C-D916AD252B77}"
EndProject
Project("{FAE04EC0-301F-11D3-BF4B-00C04F79EFBC}") = "Meta.WitAi.Conduit.Editor", "Meta.WitAi.Conduit.Editor.csproj", "{B20232FC-8F9D-03A7-E69D-F195EAE3048B}"
EndProject
Project("{FAE04EC0-301F-11D3-BF4B-00C04F79EFBC}") = "Meta.Voice.VSDKHub.Editor", "Meta.Voice.VSDKHub.Editor.csproj", "{17D604D4-F6DA-BA9A-E19A-FA5DFB8892DF}"
EndProject
Project("{FAE04EC0-301F-11D3-BF4B-00C04F79EFBC}") = "Meta.WitAi.Lib", "Meta.WitAi.Lib.csproj", "{0E3A0CE1-6DFF-BD4F-6BAD-D5BEADA8C512}"
EndProject
Project("{FAE04EC0-301F-11D3-BF4B-00C04F79EFBC}") = "Oculus.Interaction.Editor", "Oculus.Interaction.Editor.csproj", "{FBCAD0C8-78F0-4B2F-14C6-3F1EBF9C1D9B}"
EndProject
Project("{FAE04EC0-301F-11D3-BF4B-00C04F79EFBC}") = "Oculus.LipSync", "Oculus.LipSync.csproj", "{AC0A5E1E-8D6A-762E-AB02-BA08EB395254}"
EndProject
Project("{FAE04EC0-301F-11D3-BF4B-00C04F79EFBC}") = "Oculus.Platform.Editor", "Oculus.Platform.Editor.csproj", "{18FE8452-6008-BD69-5A19-662351BD2627}"
EndProject
Project("{FAE04EC0-301F-11D3-BF4B-00C04F79EFBC}") = "Meta.Voice.Samples.TTSVoices", "Meta.Voice.Samples.TTSVoices.csproj", "{EF0F4D9C-8B83-98A4-D6FA-923CF9DAE463}"
EndProject
Project("{FAE04EC0-301F-11D3-BF4B-00C04F79EFBC}") = "Meta.WitAI.Lib.Editor", "Meta.WitAI.Lib.Editor.csproj", "{773733E9-56FC-02F2-8C90-EEF10A21FF01}"
EndProject
Project("{FAE04EC0-301F-11D3-BF4B-00C04F79EFBC}") = "Meta.WitAi.TTS", "Meta.WitAi.TTS.csproj", "{7AD99B02-F577-683C-B450-DF2423D8B846}"
EndProject
Project("{FAE04EC0-301F-11D3-BF4B-00C04F79EFBC}") = "Meta.Voice.Samples.Chess", "Meta.Voice.Samples.Chess.csproj", "{1D442657-D299-CCE4-7F2F-8A1D28C61612}"
EndProject
Project("{FAE04EC0-301F-11D3-BF4B-00C04F79EFBC}") = "Meta.Voice.Hub.Editor", "Meta.Voice.Hub.Editor.csproj", "{8ACAA7BC-4AE9-3E38-46C9-5885E3CB776C}"
EndProject
Project("{FAE04EC0-301F-11D3-BF4B-00C04F79EFBC}") = "Facebook.Wit.Dictation", "Facebook.Wit.Dictation.csproj", "{0D683704-0FAA-12B3-B7FC-47452A0F8922}"
EndProject
Project("{FAE04EC0-301F-11D3-BF4B-00C04F79EFBC}") = "Meta.Voice.Samples.BuiltInTimer", "Meta.Voice.Samples.BuiltInTimer.csproj", "{0645AE16-A7B1-41AA-997F-6F9F8452577D}"
EndProject
Project("{FAE04EC0-301F-11D3-BF4B-00C04F79EFBC}") = "Oculus.Interaction.OVR", "Oculus.Interaction.OVR.csproj", "{6FB9D427-1BAD-4E89-F078-1B37399FA96F}"
EndProject
Project("{FAE04EC0-301F-11D3-BF4B-00C04F79EFBC}") = "Meta.Voice.Samples.LiveUnderstanding", "Meta.Voice.Samples.LiveUnderstanding.csproj", "{08C71133-BF58-AA34-BBB7-4D2C1D8090B0}"
EndProject
Project("{FAE04EC0-301F-11D3-BF4B-00C04F79EFBC}") = "Oculus.Spatializer", "Oculus.Spatializer.csproj", "{42763903-D533-DADA-1A13-E10FFE7778AC}"
EndProject
Project("{FAE04EC0-301F-11D3-BF4B-00C04F79EFBC}") = "Meta.VoiceSDK.Mic.Common", "Meta.VoiceSDK.Mic.Common.csproj", "{82B1675D-CFB0-D5D5-F899-7064F22007FF}"
EndProject
Project("{FAE04EC0-301F-11D3-BF4B-00C04F79EFBC}") = "Meta.XR.BuildingBlocks.Editor", "Meta.XR.BuildingBlocks.Editor.csproj", "{BFEF4199-8244-AD24-BD49-6C6379FA996B}"
EndProject
Project("{FAE04EC0-301F-11D3-BF4B-00C04F79EFBC}") = "AssistantCoreSDKRuntime", "AssistantCoreSDKRuntime.csproj", "{68749659-64E5-C5F0-F0DF-D93F5F945E5A}"
EndProject
Project("{FAE04EC0-301F-11D3-BF4B-00C04F79EFBC}") = "Meta.XR.BuildingBlocks", "Meta.XR.BuildingBlocks.csproj", "{553ADC86-D226-A0C2-60FE-7F63589357AB}"
EndProject
Project("{FAE04EC0-301F-11D3-BF4B-00C04F79EFBC}") = "Oculus.Interaction.InterfaceSupport", "Oculus.Interaction.InterfaceSupport.csproj", "{AD4A6948-393B-8563-22E3-A9D4DDCB28AE}"
EndProject
Project("{FAE04EC0-301F-11D3-BF4B-00C04F79EFBC}") = "Oculus.AudioManager", "Oculus.AudioManager.csproj", "{29FF2CAE-D950-B886-CFEA-8A0650D7A3DB}"
EndProject
Project("{FAE04EC0-301F-11D3-BF4B-00C04F79EFBC}") = "Oculus.AudioManager.Utils.Editor", "Oculus.AudioManager.Utils.Editor.csproj", "{2027A48A-A559-2A6D-B70A-1FE496944BDE}"
EndProject
Project("{FAE04EC0-301F-11D3-BF4B-00C04F79EFBC}") = "VoiceSDK.Dictation.Runtime", "VoiceSDK.Dictation.Runtime.csproj", "{FB3CE67C-8C6C-F7EB-E115-2EB958E83C72}"
EndProject
Project("{FAE04EC0-301F-11D3-BF4B-00C04F79EFBC}") = "VoiceSDK.Telemetry", "VoiceSDK.Telemetry.csproj", "{5C8C59E7-2A6D-89E6-6362-C38876A1AB1C}"
EndProject
Project("{FAE04EC0-301F-11D3-BF4B-00C04F79EFBC}") = "Meta.WitAi.TTS.Editor", "Meta.WitAi.TTS.Editor.csproj", "{D8F64B9D-B1EF-5ABB-06A3-7F454EA73969}"
EndProject
Project("{FAE04EC0-301F-11D3-BF4B-00C04F79EFBC}") = "Oculus.Interaction.OVR.Editor", "Oculus.Interaction.OVR.Editor.csproj", "{4CDED80B-4F3A-DAAD-58B7-C265251BD343}"
EndProject
Project("{FAE04EC0-301F-11D3-BF4B-00C04F79EFBC}") = "Meta.Voice.Samples.ShapesConduit", "Meta.Voice.Samples.ShapesConduit.csproj", "{0F7A8279-B9DB-1560-2350-DBE20D62D221}"
EndProject
Project("{FAE04EC0-301F-11D3-BF4B-00C04F79EFBC}") = "Oculus.VR.Scripts.Editor", "Oculus.VR.Scripts.Editor.csproj", "{693B27A5-E7AF-F252-72E3-7BD775C50509}"
EndProject
Project("{FAE04EC0-301F-11D3-BF4B-00C04F79EFBC}") = "Oculus.Spatializer.Editor", "Oculus.Spatializer.Editor.csproj", "{6483BA55-804E-DD5F-D9A6-ECF78C1317A9}"
EndProject
Project("{FAE04EC0-301F-11D3-BF4B-00C04F79EFBC}") = "Oculus.LipSync.Editor", "Oculus.LipSync.Editor.csproj", "{7467109F-3841-FE25-31A4-9709068C184B}"
EndProject
Project("{FAE04EC0-301F-11D3-BF4B-00C04F79EFBC}") = "Assembly-CSharp-Editor", "Assembly-CSharp-Editor.csproj", "{55EABA87-77BA-43E4-E7CD-C8BE68C09702}"
EndProject
Project("{FAE04EC0-301F-11D3-BF4B-00C04F79EFBC}") = "Meta.Voice.Samples.Shapes", "Meta.Voice.Samples.Shapes.csproj", "{3F1927D7-6C81-7A4A-6D27-8C8CC2826D48}"
EndProject
Project("{FAE04EC0-301F-11D3-BF4B-00C04F79EFBC}") = "Meta.Voice.Samples.Dictation", "Meta.Voice.Samples.Dictation.csproj", "{6A94AA0C-6A11-4611-DEC9-E664AB894EB4}"
EndProject
Project("{FAE04EC0-301F-11D3-BF4B-00C04F79EFBC}") = "Meta.Voice.Hub.Runtime", "Meta.Voice.Hub.Runtime.csproj", "{79EB884E-1F54-1ACF-4C06-FC9944232F83}"
EndProject
Project("{FAE04EC0-301F-11D3-BF4B-00C04F79EFBC}") = "AssistantCoreSDKEditor", "AssistantCoreSDKEditor.csproj", "{C70FFD42-21C5-12FA-4FE2-53923DFAE88B}"
EndProject
Project("{FAE04EC0-301F-11D3-BF4B-00C04F79EFBC}") = "Meta.VoiceSDK.Mic.WebGL", "Meta.VoiceSDK.Mic.WebGL.csproj", "{AB590C0D-D2AB-1B62-7988-74288A2E8C60}"
EndProject
Project("{FAE04EC0-301F-11D3-BF4B-00C04F79EFBC}") = "Facebook.Wit.Dictation.Editor", "Facebook.Wit.Dictation.Editor.csproj", "{548D5553-CE70-3108-A0C4-873033BE8F74}"
EndProject
Project("{FAE04EC0-301F-11D3-BF4B-00C04F79EFBC}") = "Oculus.Interaction.Samples.Editor", "Oculus.Interaction.Samples.Editor.csproj", "{7B060F3E-8DD8-10A2-D08C-8A1E18A01340}"
EndProject
Project("{FAE04EC0-301F-11D3-BF4B-00C04F79EFBC}") = "VoiceSDK.Dictation.Editor", "VoiceSDK.Dictation.Editor.csproj", "{13CBBE9F-8E82-5877-642E-BCC35C5D75C4}"
EndProject
Project("{FAE04EC0-301F-11D3-BF4B-00C04F79EFBC}") = "Meta.VoiceSDK.Mic.Other", "Meta.VoiceSDK.Mic.Other.csproj", "{FABF48B6-8A76-69DC-4EB3-FDCB02C2ACB3}"
EndProject
Project("{FAE04EC0-301F-11D3-BF4B-00C04F79EFBC}") = "Meta.Voice.Samples.LightTraits", "Meta.Voice.Samples.LightTraits.csproj", "{FC0E18B4-1C10-29A9-4DFB-3CD6ADE28499}"
EndProject
Global
	GlobalSection(SolutionConfigurationPlatforms) = preSolution
		Debug|Any CPU = Debug|Any CPU
		Release|Any CPU = Release|Any CPU
	EndGlobalSection
	GlobalSection(ProjectConfigurationPlatforms) = postSolution
		{91B9567E-30AF-5836-CFED-013EFA9A19EE}.Debug|Any CPU.ActiveCfg = Debug|Any CPU
		{91B9567E-30AF-5836-CFED-013EFA9A19EE}.Debug|Any CPU.Build.0 = Debug|Any CPU
		{91B9567E-30AF-5836-CFED-013EFA9A19EE}.Release|Any CPU.ActiveCfg = Release|Any CPU
		{91B9567E-30AF-5836-CFED-013EFA9A19EE}.Release|Any CPU.Build.0 = Release|Any CPU
		{41C6554D-886C-F0D4-8DCC-E0DCCC906323}.Debug|Any CPU.ActiveCfg = Debug|Any CPU
		{41C6554D-886C-F0D4-8DCC-E0DCCC906323}.Debug|Any CPU.Build.0 = Debug|Any CPU
		{41C6554D-886C-F0D4-8DCC-E0DCCC906323}.Release|Any CPU.ActiveCfg = Release|Any CPU
		{41C6554D-886C-F0D4-8DCC-E0DCCC906323}.Release|Any CPU.Build.0 = Release|Any CPU
		{5A29E492-496E-A510-9FDE-008F5D05A30B}.Debug|Any CPU.ActiveCfg = Debug|Any CPU
		{5A29E492-496E-A510-9FDE-008F5D05A30B}.Debug|Any CPU.Build.0 = Debug|Any CPU
		{5A29E492-496E-A510-9FDE-008F5D05A30B}.Release|Any CPU.ActiveCfg = Release|Any CPU
		{5A29E492-496E-A510-9FDE-008F5D05A30B}.Release|Any CPU.Build.0 = Release|Any CPU
		{097EF7F2-C60A-38DA-08D1-8E43DF6423DF}.Debug|Any CPU.ActiveCfg = Debug|Any CPU
		{097EF7F2-C60A-38DA-08D1-8E43DF6423DF}.Debug|Any CPU.Build.0 = Debug|Any CPU
		{097EF7F2-C60A-38DA-08D1-8E43DF6423DF}.Release|Any CPU.ActiveCfg = Release|Any CPU
		{097EF7F2-C60A-38DA-08D1-8E43DF6423DF}.Release|Any CPU.Build.0 = Release|Any CPU
		{84550C7D-F507-265A-51C4-81412C2CB280}.Debug|Any CPU.ActiveCfg = Debug|Any CPU
		{84550C7D-F507-265A-51C4-81412C2CB280}.Debug|Any CPU.Build.0 = Debug|Any CPU
		{84550C7D-F507-265A-51C4-81412C2CB280}.Release|Any CPU.ActiveCfg = Release|Any CPU
		{84550C7D-F507-265A-51C4-81412C2CB280}.Release|Any CPU.Build.0 = Release|Any CPU
		{EE7013B0-256E-D1FF-9727-94755121AD99}.Debug|Any CPU.ActiveCfg = Debug|Any CPU
		{EE7013B0-256E-D1FF-9727-94755121AD99}.Debug|Any CPU.Build.0 = Debug|Any CPU
		{EE7013B0-256E-D1FF-9727-94755121AD99}.Release|Any CPU.ActiveCfg = Release|Any CPU
		{EE7013B0-256E-D1FF-9727-94755121AD99}.Release|Any CPU.Build.0 = Release|Any CPU
		{FE6137FF-DAFD-F23A-661A-006A3620D90F}.Debug|Any CPU.ActiveCfg = Debug|Any CPU
		{FE6137FF-DAFD-F23A-661A-006A3620D90F}.Debug|Any CPU.Build.0 = Debug|Any CPU
		{FE6137FF-DAFD-F23A-661A-006A3620D90F}.Release|Any CPU.ActiveCfg = Release|Any CPU
		{FE6137FF-DAFD-F23A-661A-006A3620D90F}.Release|Any CPU.Build.0 = Release|Any CPU
		{D856B5D6-5A29-3B01-5F82-93A90B7DB526}.Debug|Any CPU.ActiveCfg = Debug|Any CPU
		{D856B5D6-5A29-3B01-5F82-93A90B7DB526}.Debug|Any CPU.Build.0 = Debug|Any CPU
		{D856B5D6-5A29-3B01-5F82-93A90B7DB526}.Release|Any CPU.ActiveCfg = Release|Any CPU
		{D856B5D6-5A29-3B01-5F82-93A90B7DB526}.Release|Any CPU.Build.0 = Release|Any CPU
		{A6715DA4-0FDD-3255-9511-8426447300EB}.Debug|Any CPU.ActiveCfg = Debug|Any CPU
		{A6715DA4-0FDD-3255-9511-8426447300EB}.Debug|Any CPU.Build.0 = Debug|Any CPU
		{A6715DA4-0FDD-3255-9511-8426447300EB}.Release|Any CPU.ActiveCfg = Release|Any CPU
		{A6715DA4-0FDD-3255-9511-8426447300EB}.Release|Any CPU.Build.0 = Release|Any CPU
		{EA20E95F-8362-100C-882C-BC4C92FEF934}.Debug|Any CPU.ActiveCfg = Debug|Any CPU
		{EA20E95F-8362-100C-882C-BC4C92FEF934}.Debug|Any CPU.Build.0 = Debug|Any CPU
		{EA20E95F-8362-100C-882C-BC4C92FEF934}.Release|Any CPU.ActiveCfg = Release|Any CPU
		{EA20E95F-8362-100C-882C-BC4C92FEF934}.Release|Any CPU.Build.0 = Release|Any CPU
		{278E88FC-CAFF-A53A-773F-20C11EBC5052}.Debug|Any CPU.ActiveCfg = Debug|Any CPU
		{278E88FC-CAFF-A53A-773F-20C11EBC5052}.Debug|Any CPU.Build.0 = Debug|Any CPU
		{278E88FC-CAFF-A53A-773F-20C11EBC5052}.Release|Any CPU.ActiveCfg = Release|Any CPU
		{278E88FC-CAFF-A53A-773F-20C11EBC5052}.Release|Any CPU.Build.0 = Release|Any CPU
		{AD27DC12-1DA0-568A-012C-D916AD252B77}.Debug|Any CPU.ActiveCfg = Debug|Any CPU
		{AD27DC12-1DA0-568A-012C-D916AD252B77}.Debug|Any CPU.Build.0 = Debug|Any CPU
		{AD27DC12-1DA0-568A-012C-D916AD252B77}.Release|Any CPU.ActiveCfg = Release|Any CPU
		{AD27DC12-1DA0-568A-012C-D916AD252B77}.Release|Any CPU.Build.0 = Release|Any CPU
		{B20232FC-8F9D-03A7-E69D-F195EAE3048B}.Debug|Any CPU.ActiveCfg = Debug|Any CPU
		{B20232FC-8F9D-03A7-E69D-F195EAE3048B}.Debug|Any CPU.Build.0 = Debug|Any CPU
		{B20232FC-8F9D-03A7-E69D-F195EAE3048B}.Release|Any CPU.ActiveCfg = Release|Any CPU
		{B20232FC-8F9D-03A7-E69D-F195EAE3048B}.Release|Any CPU.Build.0 = Release|Any CPU
		{17D604D4-F6DA-BA9A-E19A-FA5DFB8892DF}.Debug|Any CPU.ActiveCfg = Debug|Any CPU
		{17D604D4-F6DA-BA9A-E19A-FA5DFB8892DF}.Debug|Any CPU.Build.0 = Debug|Any CPU
		{17D604D4-F6DA-BA9A-E19A-FA5DFB8892DF}.Release|Any CPU.ActiveCfg = Release|Any CPU
		{17D604D4-F6DA-BA9A-E19A-FA5DFB8892DF}.Release|Any CPU.Build.0 = Release|Any CPU
		{0E3A0CE1-6DFF-BD4F-6BAD-D5BEADA8C512}.Debug|Any CPU.ActiveCfg = Debug|Any CPU
		{0E3A0CE1-6DFF-BD4F-6BAD-D5BEADA8C512}.Debug|Any CPU.Build.0 = Debug|Any CPU
		{0E3A0CE1-6DFF-BD4F-6BAD-D5BEADA8C512}.Release|Any CPU.ActiveCfg = Release|Any CPU
		{0E3A0CE1-6DFF-BD4F-6BAD-D5BEADA8C512}.Release|Any CPU.Build.0 = Release|Any CPU
		{FBCAD0C8-78F0-4B2F-14C6-3F1EBF9C1D9B}.Debug|Any CPU.ActiveCfg = Debug|Any CPU
		{FBCAD0C8-78F0-4B2F-14C6-3F1EBF9C1D9B}.Debug|Any CPU.Build.0 = Debug|Any CPU
		{FBCAD0C8-78F0-4B2F-14C6-3F1EBF9C1D9B}.Release|Any CPU.ActiveCfg = Release|Any CPU
		{FBCAD0C8-78F0-4B2F-14C6-3F1EBF9C1D9B}.Release|Any CPU.Build.0 = Release|Any CPU
		{AC0A5E1E-8D6A-762E-AB02-BA08EB395254}.Debug|Any CPU.ActiveCfg = Debug|Any CPU
		{AC0A5E1E-8D6A-762E-AB02-BA08EB395254}.Debug|Any CPU.Build.0 = Debug|Any CPU
		{AC0A5E1E-8D6A-762E-AB02-BA08EB395254}.Release|Any CPU.ActiveCfg = Release|Any CPU
		{AC0A5E1E-8D6A-762E-AB02-BA08EB395254}.Release|Any CPU.Build.0 = Release|Any CPU
		{18FE8452-6008-BD69-5A19-662351BD2627}.Debug|Any CPU.ActiveCfg = Debug|Any CPU
		{18FE8452-6008-BD69-5A19-662351BD2627}.Debug|Any CPU.Build.0 = Debug|Any CPU
		{18FE8452-6008-BD69-5A19-662351BD2627}.Release|Any CPU.ActiveCfg = Release|Any CPU
		{18FE8452-6008-BD69-5A19-662351BD2627}.Release|Any CPU.Build.0 = Release|Any CPU
		{EF0F4D9C-8B83-98A4-D6FA-923CF9DAE463}.Debug|Any CPU.ActiveCfg = Debug|Any CPU
		{EF0F4D9C-8B83-98A4-D6FA-923CF9DAE463}.Debug|Any CPU.Build.0 = Debug|Any CPU
		{EF0F4D9C-8B83-98A4-D6FA-923CF9DAE463}.Release|Any CPU.ActiveCfg = Release|Any CPU
		{EF0F4D9C-8B83-98A4-D6FA-923CF9DAE463}.Release|Any CPU.Build.0 = Release|Any CPU
		{773733E9-56FC-02F2-8C90-EEF10A21FF01}.Debug|Any CPU.ActiveCfg = Debug|Any CPU
		{773733E9-56FC-02F2-8C90-EEF10A21FF01}.Debug|Any CPU.Build.0 = Debug|Any CPU
		{773733E9-56FC-02F2-8C90-EEF10A21FF01}.Release|Any CPU.ActiveCfg = Release|Any CPU
		{773733E9-56FC-02F2-8C90-EEF10A21FF01}.Release|Any CPU.Build.0 = Release|Any CPU
		{7AD99B02-F577-683C-B450-DF2423D8B846}.Debug|Any CPU.ActiveCfg = Debug|Any CPU
		{7AD99B02-F577-683C-B450-DF2423D8B846}.Debug|Any CPU.Build.0 = Debug|Any CPU
		{7AD99B02-F577-683C-B450-DF2423D8B846}.Release|Any CPU.ActiveCfg = Release|Any CPU
		{7AD99B02-F577-683C-B450-DF2423D8B846}.Release|Any CPU.Build.0 = Release|Any CPU
		{1D442657-D299-CCE4-7F2F-8A1D28C61612}.Debug|Any CPU.ActiveCfg = Debug|Any CPU
		{1D442657-D299-CCE4-7F2F-8A1D28C61612}.Debug|Any CPU.Build.0 = Debug|Any CPU
		{1D442657-D299-CCE4-7F2F-8A1D28C61612}.Release|Any CPU.ActiveCfg = Release|Any CPU
		{1D442657-D299-CCE4-7F2F-8A1D28C61612}.Release|Any CPU.Build.0 = Release|Any CPU
		{8ACAA7BC-4AE9-3E38-46C9-5885E3CB776C}.Debug|Any CPU.ActiveCfg = Debug|Any CPU
		{8ACAA7BC-4AE9-3E38-46C9-5885E3CB776C}.Debug|Any CPU.Build.0 = Debug|Any CPU
		{8ACAA7BC-4AE9-3E38-46C9-5885E3CB776C}.Release|Any CPU.ActiveCfg = Release|Any CPU
		{8ACAA7BC-4AE9-3E38-46C9-5885E3CB776C}.Release|Any CPU.Build.0 = Release|Any CPU
		{0D683704-0FAA-12B3-B7FC-47452A0F8922}.Debug|Any CPU.ActiveCfg = Debug|Any CPU
		{0D683704-0FAA-12B3-B7FC-47452A0F8922}.Debug|Any CPU.Build.0 = Debug|Any CPU
		{0D683704-0FAA-12B3-B7FC-47452A0F8922}.Release|Any CPU.ActiveCfg = Release|Any CPU
		{0D683704-0FAA-12B3-B7FC-47452A0F8922}.Release|Any CPU.Build.0 = Release|Any CPU
		{0645AE16-A7B1-41AA-997F-6F9F8452577D}.Debug|Any CPU.ActiveCfg = Debug|Any CPU
		{0645AE16-A7B1-41AA-997F-6F9F8452577D}.Debug|Any CPU.Build.0 = Debug|Any CPU
		{0645AE16-A7B1-41AA-997F-6F9F8452577D}.Release|Any CPU.ActiveCfg = Release|Any CPU
		{0645AE16-A7B1-41AA-997F-6F9F8452577D}.Release|Any CPU.Build.0 = Release|Any CPU
		{6FB9D427-1BAD-4E89-F078-1B37399FA96F}.Debug|Any CPU.ActiveCfg = Debug|Any CPU
		{6FB9D427-1BAD-4E89-F078-1B37399FA96F}.Debug|Any CPU.Build.0 = Debug|Any CPU
		{6FB9D427-1BAD-4E89-F078-1B37399FA96F}.Release|Any CPU.ActiveCfg = Release|Any CPU
		{6FB9D427-1BAD-4E89-F078-1B37399FA96F}.Release|Any CPU.Build.0 = Release|Any CPU
		{08C71133-BF58-AA34-BBB7-4D2C1D8090B0}.Debug|Any CPU.ActiveCfg = Debug|Any CPU
		{08C71133-BF58-AA34-BBB7-4D2C1D8090B0}.Debug|Any CPU.Build.0 = Debug|Any CPU
		{08C71133-BF58-AA34-BBB7-4D2C1D8090B0}.Release|Any CPU.ActiveCfg = Release|Any CPU
		{08C71133-BF58-AA34-BBB7-4D2C1D8090B0}.Release|Any CPU.Build.0 = Release|Any CPU
		{42763903-D533-DADA-1A13-E10FFE7778AC}.Debug|Any CPU.ActiveCfg = Debug|Any CPU
		{42763903-D533-DADA-1A13-E10FFE7778AC}.Debug|Any CPU.Build.0 = Debug|Any CPU
		{42763903-D533-DADA-1A13-E10FFE7778AC}.Release|Any CPU.ActiveCfg = Release|Any CPU
		{42763903-D533-DADA-1A13-E10FFE7778AC}.Release|Any CPU.Build.0 = Release|Any CPU
		{82B1675D-CFB0-D5D5-F899-7064F22007FF}.Debug|Any CPU.ActiveCfg = Debug|Any CPU
		{82B1675D-CFB0-D5D5-F899-7064F22007FF}.Debug|Any CPU.Build.0 = Debug|Any CPU
		{82B1675D-CFB0-D5D5-F899-7064F22007FF}.Release|Any CPU.ActiveCfg = Release|Any CPU
		{82B1675D-CFB0-D5D5-F899-7064F22007FF}.Release|Any CPU.Build.0 = Release|Any CPU
		{BFEF4199-8244-AD24-BD49-6C6379FA996B}.Debug|Any CPU.ActiveCfg = Debug|Any CPU
		{BFEF4199-8244-AD24-BD49-6C6379FA996B}.Debug|Any CPU.Build.0 = Debug|Any CPU
		{BFEF4199-8244-AD24-BD49-6C6379FA996B}.Release|Any CPU.ActiveCfg = Release|Any CPU
		{BFEF4199-8244-AD24-BD49-6C6379FA996B}.Release|Any CPU.Build.0 = Release|Any CPU
		{68749659-64E5-C5F0-F0DF-D93F5F945E5A}.Debug|Any CPU.ActiveCfg = Debug|Any CPU
		{68749659-64E5-C5F0-F0DF-D93F5F945E5A}.Debug|Any CPU.Build.0 = Debug|Any CPU
		{68749659-64E5-C5F0-F0DF-D93F5F945E5A}.Release|Any CPU.ActiveCfg = Release|Any CPU
		{68749659-64E5-C5F0-F0DF-D93F5F945E5A}.Release|Any CPU.Build.0 = Release|Any CPU
		{553ADC86-D226-A0C2-60FE-7F63589357AB}.Debug|Any CPU.ActiveCfg = Debug|Any CPU
		{553ADC86-D226-A0C2-60FE-7F63589357AB}.Debug|Any CPU.Build.0 = Debug|Any CPU
		{553ADC86-D226-A0C2-60FE-7F63589357AB}.Release|Any CPU.ActiveCfg = Release|Any CPU
		{553ADC86-D226-A0C2-60FE-7F63589357AB}.Release|Any CPU.Build.0 = Release|Any CPU
		{AD4A6948-393B-8563-22E3-A9D4DDCB28AE}.Debug|Any CPU.ActiveCfg = Debug|Any CPU
		{AD4A6948-393B-8563-22E3-A9D4DDCB28AE}.Debug|Any CPU.Build.0 = Debug|Any CPU
		{AD4A6948-393B-8563-22E3-A9D4DDCB28AE}.Release|Any CPU.ActiveCfg = Release|Any CPU
		{AD4A6948-393B-8563-22E3-A9D4DDCB28AE}.Release|Any CPU.Build.0 = Release|Any CPU
		{29FF2CAE-D950-B886-CFEA-8A0650D7A3DB}.Debug|Any CPU.ActiveCfg = Debug|Any CPU
		{29FF2CAE-D950-B886-CFEA-8A0650D7A3DB}.Debug|Any CPU.Build.0 = Debug|Any CPU
		{29FF2CAE-D950-B886-CFEA-8A0650D7A3DB}.Release|Any CPU.ActiveCfg = Release|Any CPU
		{29FF2CAE-D950-B886-CFEA-8A0650D7A3DB}.Release|Any CPU.Build.0 = Release|Any CPU
		{2027A48A-A559-2A6D-B70A-1FE496944BDE}.Debug|Any CPU.ActiveCfg = Debug|Any CPU
		{2027A48A-A559-2A6D-B70A-1FE496944BDE}.Debug|Any CPU.Build.0 = Debug|Any CPU
		{2027A48A-A559-2A6D-B70A-1FE496944BDE}.Release|Any CPU.ActiveCfg = Release|Any CPU
		{2027A48A-A559-2A6D-B70A-1FE496944BDE}.Release|Any CPU.Build.0 = Release|Any CPU
		{FB3CE67C-8C6C-F7EB-E115-2EB958E83C72}.Debug|Any CPU.ActiveCfg = Debug|Any CPU
		{FB3CE67C-8C6C-F7EB-E115-2EB958E83C72}.Debug|Any CPU.Build.0 = Debug|Any CPU
		{FB3CE67C-8C6C-F7EB-E115-2EB958E83C72}.Release|Any CPU.ActiveCfg = Release|Any CPU
		{FB3CE67C-8C6C-F7EB-E115-2EB958E83C72}.Release|Any CPU.Build.0 = Release|Any CPU
		{5C8C59E7-2A6D-89E6-6362-C38876A1AB1C}.Debug|Any CPU.ActiveCfg = Debug|Any CPU
		{5C8C59E7-2A6D-89E6-6362-C38876A1AB1C}.Debug|Any CPU.Build.0 = Debug|Any CPU
		{5C8C59E7-2A6D-89E6-6362-C38876A1AB1C}.Release|Any CPU.ActiveCfg = Release|Any CPU
		{5C8C59E7-2A6D-89E6-6362-C38876A1AB1C}.Release|Any CPU.Build.0 = Release|Any CPU
		{D8F64B9D-B1EF-5ABB-06A3-7F454EA73969}.Debug|Any CPU.ActiveCfg = Debug|Any CPU
		{D8F64B9D-B1EF-5ABB-06A3-7F454EA73969}.Debug|Any CPU.Build.0 = Debug|Any CPU
		{D8F64B9D-B1EF-5ABB-06A3-7F454EA73969}.Release|Any CPU.ActiveCfg = Release|Any CPU
		{D8F64B9D-B1EF-5ABB-06A3-7F454EA73969}.Release|Any CPU.Build.0 = Release|Any CPU
		{4CDED80B-4F3A-DAAD-58B7-C265251BD343}.Debug|Any CPU.ActiveCfg = Debug|Any CPU
		{4CDED80B-4F3A-DAAD-58B7-C265251BD343}.Debug|Any CPU.Build.0 = Debug|Any CPU
		{4CDED80B-4F3A-DAAD-58B7-C265251BD343}.Release|Any CPU.ActiveCfg = Release|Any CPU
		{4CDED80B-4F3A-DAAD-58B7-C265251BD343}.Release|Any CPU.Build.0 = Release|Any CPU
		{0F7A8279-B9DB-1560-2350-DBE20D62D221}.Debug|Any CPU.ActiveCfg = Debug|Any CPU
		{0F7A8279-B9DB-1560-2350-DBE20D62D221}.Debug|Any CPU.Build.0 = Debug|Any CPU
		{0F7A8279-B9DB-1560-2350-DBE20D62D221}.Release|Any CPU.ActiveCfg = Release|Any CPU
		{0F7A8279-B9DB-1560-2350-DBE20D62D221}.Release|Any CPU.Build.0 = Release|Any CPU
		{693B27A5-E7AF-F252-72E3-7BD775C50509}.Debug|Any CPU.ActiveCfg = Debug|Any CPU
		{693B27A5-E7AF-F252-72E3-7BD775C50509}.Debug|Any CPU.Build.0 = Debug|Any CPU
		{693B27A5-E7AF-F252-72E3-7BD775C50509}.Release|Any CPU.ActiveCfg = Release|Any CPU
		{693B27A5-E7AF-F252-72E3-7BD775C50509}.Release|Any CPU.Build.0 = Release|Any CPU
		{6483BA55-804E-DD5F-D9A6-ECF78C1317A9}.Debug|Any CPU.ActiveCfg = Debug|Any CPU
		{6483BA55-804E-DD5F-D9A6-ECF78C1317A9}.Debug|Any CPU.Build.0 = Debug|Any CPU
		{6483BA55-804E-DD5F-D9A6-ECF78C1317A9}.Release|Any CPU.ActiveCfg = Release|Any CPU
		{6483BA55-804E-DD5F-D9A6-ECF78C1317A9}.Release|Any CPU.Build.0 = Release|Any CPU
		{7467109F-3841-FE25-31A4-9709068C184B}.Debug|Any CPU.ActiveCfg = Debug|Any CPU
		{7467109F-3841-FE25-31A4-9709068C184B}.Debug|Any CPU.Build.0 = Debug|Any CPU
		{7467109F-3841-FE25-31A4-9709068C184B}.Release|Any CPU.ActiveCfg = Release|Any CPU
		{7467109F-3841-FE25-31A4-9709068C184B}.Release|Any CPU.Build.0 = Release|Any CPU
		{55EABA87-77BA-43E4-E7CD-C8BE68C09702}.Debug|Any CPU.ActiveCfg = Debug|Any CPU
		{55EABA87-77BA-43E4-E7CD-C8BE68C09702}.Debug|Any CPU.Build.0 = Debug|Any CPU
		{55EABA87-77BA-43E4-E7CD-C8BE68C09702}.Release|Any CPU.ActiveCfg = Release|Any CPU
		{55EABA87-77BA-43E4-E7CD-C8BE68C09702}.Release|Any CPU.Build.0 = Release|Any CPU
		{3F1927D7-6C81-7A4A-6D27-8C8CC2826D48}.Debug|Any CPU.ActiveCfg = Debug|Any CPU
		{3F1927D7-6C81-7A4A-6D27-8C8CC2826D48}.Debug|Any CPU.Build.0 = Debug|Any CPU
		{3F1927D7-6C81-7A4A-6D27-8C8CC2826D48}.Release|Any CPU.ActiveCfg = Release|Any CPU
		{3F1927D7-6C81-7A4A-6D27-8C8CC2826D48}.Release|Any CPU.Build.0 = Release|Any CPU
		{6A94AA0C-6A11-4611-DEC9-E664AB894EB4}.Debug|Any CPU.ActiveCfg = Debug|Any CPU
		{6A94AA0C-6A11-4611-DEC9-E664AB894EB4}.Debug|Any CPU.Build.0 = Debug|Any CPU
		{6A94AA0C-6A11-4611-DEC9-E664AB894EB4}.Release|Any CPU.ActiveCfg = Release|Any CPU
		{6A94AA0C-6A11-4611-DEC9-E664AB894EB4}.Release|Any CPU.Build.0 = Release|Any CPU
		{79EB884E-1F54-1ACF-4C06-FC9944232F83}.Debug|Any CPU.ActiveCfg = Debug|Any CPU
		{79EB884E-1F54-1ACF-4C06-FC9944232F83}.Debug|Any CPU.Build.0 = Debug|Any CPU
		{79EB884E-1F54-1ACF-4C06-FC9944232F83}.Release|Any CPU.ActiveCfg = Release|Any CPU
		{79EB884E-1F54-1ACF-4C06-FC9944232F83}.Release|Any CPU.Build.0 = Release|Any CPU
		{C70FFD42-21C5-12FA-4FE2-53923DFAE88B}.Debug|Any CPU.ActiveCfg = Debug|Any CPU
		{C70FFD42-21C5-12FA-4FE2-53923DFAE88B}.Debug|Any CPU.Build.0 = Debug|Any CPU
		{C70FFD42-21C5-12FA-4FE2-53923DFAE88B}.Release|Any CPU.ActiveCfg = Release|Any CPU
		{C70FFD42-21C5-12FA-4FE2-53923DFAE88B}.Release|Any CPU.Build.0 = Release|Any CPU
		{AB590C0D-D2AB-1B62-7988-74288A2E8C60}.Debug|Any CPU.ActiveCfg = Debug|Any CPU
		{AB590C0D-D2AB-1B62-7988-74288A2E8C60}.Debug|Any CPU.Build.0 = Debug|Any CPU
		{AB590C0D-D2AB-1B62-7988-74288A2E8C60}.Release|Any CPU.ActiveCfg = Release|Any CPU
		{AB590C0D-D2AB-1B62-7988-74288A2E8C60}.Release|Any CPU.Build.0 = Release|Any CPU
		{548D5553-CE70-3108-A0C4-873033BE8F74}.Debug|Any CPU.ActiveCfg = Debug|Any CPU
		{548D5553-CE70-3108-A0C4-873033BE8F74}.Debug|Any CPU.Build.0 = Debug|Any CPU
		{548D5553-CE70-3108-A0C4-873033BE8F74}.Release|Any CPU.ActiveCfg = Release|Any CPU
		{548D5553-CE70-3108-A0C4-873033BE8F74}.Release|Any CPU.Build.0 = Release|Any CPU
		{7B060F3E-8DD8-10A2-D08C-8A1E18A01340}.Debug|Any CPU.ActiveCfg = Debug|Any CPU
		{7B060F3E-8DD8-10A2-D08C-8A1E18A01340}.Debug|Any CPU.Build.0 = Debug|Any CPU
		{7B060F3E-8DD8-10A2-D08C-8A1E18A01340}.Release|Any CPU.ActiveCfg = Release|Any CPU
		{7B060F3E-8DD8-10A2-D08C-8A1E18A01340}.Release|Any CPU.Build.0 = Release|Any CPU
		{13CBBE9F-8E82-5877-642E-BCC35C5D75C4}.Debug|Any CPU.ActiveCfg = Debug|Any CPU
		{13CBBE9F-8E82-5877-642E-BCC35C5D75C4}.Debug|Any CPU.Build.0 = Debug|Any CPU
		{13CBBE9F-8E82-5877-642E-BCC35C5D75C4}.Release|Any CPU.ActiveCfg = Release|Any CPU
		{13CBBE9F-8E82-5877-642E-BCC35C5D75C4}.Release|Any CPU.Build.0 = Release|Any CPU
		{FABF48B6-8A76-69DC-4EB3-FDCB02C2ACB3}.Debug|Any CPU.ActiveCfg = Debug|Any CPU
		{FABF48B6-8A76-69DC-4EB3-FDCB02C2ACB3}.Debug|Any CPU.Build.0 = Debug|Any CPU
		{FABF48B6-8A76-69DC-4EB3-FDCB02C2ACB3}.Release|Any CPU.ActiveCfg = Release|Any CPU
		{FABF48B6-8A76-69DC-4EB3-FDCB02C2ACB3}.Release|Any CPU.Build.0 = Release|Any CPU
		{FC0E18B4-1C10-29A9-4DFB-3CD6ADE28499}.Debug|Any CPU.ActiveCfg = Debug|Any CPU
		{FC0E18B4-1C10-29A9-4DFB-3CD6ADE28499}.Debug|Any CPU.Build.0 = Debug|Any CPU
		{FC0E18B4-1C10-29A9-4DFB-3CD6ADE28499}.Release|Any CPU.ActiveCfg = Release|Any CPU
		{FC0E18B4-1C10-29A9-4DFB-3CD6ADE28499}.Release|Any CPU.Build.0 = Release|Any CPU
	EndGlobalSection
	GlobalSection(SolutionProperties) = preSolution
		HideSolutionNode = FALSE
	EndGlobalSection
EndGlobal
